hash: 0a645218fab7dcbd56a91fdea9355cf14416a3ff8b2ffcd245d556b29614fea9
updated: 2020-04-17T16:04:34.995069966+08:00
imports:
- name: github.com/alecthomas/template
  version: fb15b899a75114aa79cc930e33c46b577cc664b1
  subpackages:
  - parse
- name: github.com/alecthomas/units
  version: f65c72e2690dc4b403c8bd637baf4611cd4c069b
- name: github.com/go-sql-driver/mysql
  version: 17ef3dd9d98b69acec3e85878995ada9533a9370
- name: github.com/golang/protobuf
  version: 1b794fe86dd6a0c7c52ae69b5c9cb0aeedc52afa
  subpackages:
  - proto
  - ptypes
  - ptypes/any
  - ptypes/duration
  - ptypes/timestamp
- name: github.com/gomodule/redigo
  version: 9c11da706d9b7902c6da69c592f75637793fe121
  subpackages:
  - internal
  - redis
- name: github.com/konsorten/go-windows-terminal-sequences
  version: f55edac94c9bbba5d6182a4be46d86a2c9b5b50e
- name: github.com/moooofly/radar-go-client
  version: a2a53338d11d46feaf89778b2919c63aa36c0216
- name: github.com/sirupsen/logrus
  version: d417be0fe654de640a82370515129985b407c7e3
- name: golang.org/x/net
  version: d3edc9973b7eb1fb302b0ff2c62357091cea9a30
  subpackages:
  - http/httpguts
  - http2
  - http2/hpack
  - idna
  - internal/timeseries
  - trace
- name: golang.org/x/sys
  version: 669c56c373c468cbe0f0c12b7939832b26088d33
  subpackages:
  - unix
- name: golang.org/x/text
  version: 06d492aade888ab8698aad35476286b7b555c961
  subpackages:
  - secure/bidirule
  - transform
  - unicode/bidi
  - unicode/norm
- name: google.golang.org/genproto
  version: 8751e049a2a0a638c31143fd6d1e8d569eb6d280
  subpackages:
  - googleapis/rpc/status
- name: google.golang.org/grpc
  version: 7f19477365da120509204d52ac549ac0dbf772ba
  subpackages:
  - attributes
  - backoff
  - balancer
  - balancer/base
  - balancer/roundrobin
  - binarylog/grpc_binarylog_v1
  - codes
  - connectivity
  - credentials
  - credentials/internal
  - encoding
  - encoding/proto
  - grpclog
  - internal
  - internal/backoff
  - internal/balancerload
  - internal/binarylog
  - internal/buffer
  - internal/channelz
  - internal/envconfig
  - internal/grpclog
  - internal/grpcrand
  - internal/grpcsync
  - internal/grpcutil
  - internal/resolver/dns
  - internal/resolver/passthrough
  - internal/status
  - internal/syscall
  - internal/transport
  - keepalive
  - metadata
  - naming
  - peer
  - resolver
  - serviceconfig
  - stats
  - status
  - tap
- name: google.golang.org/protobuf
  version: d8bc21f7e13fa476be55b17983bd5d43ad8c7121
  subpackages:
  - encoding/prototext
  - encoding/protowire
  - internal/descfmt
  - internal/descopts
  - internal/detrand
  - internal/encoding/defval
  - internal/encoding/messageset
  - internal/encoding/tag
  - internal/encoding/text
  - internal/errors
  - internal/fieldnum
  - internal/fieldsort
  - internal/filedesc
  - internal/filetype
  - internal/flags
  - internal/genname
  - internal/impl
  - internal/mapsort
  - internal/pragma
  - internal/set
  - internal/strs
  - internal/version
  - proto
  - reflect/protoreflect
  - reflect/protoregistry
  - runtime/protoiface
  - runtime/protoimpl
  - types/known/anypb
  - types/known/durationpb
  - types/known/timestamppb
- name: gopkg.in/alecthomas/kingpin.v2
  version: 947dcec5ba9c011838740e680966fd7087a71d0d
- name: gopkg.in/ini.v1
  version: 39bc4ddcb8b9d0100f7a040816380ccda878b94a
testImports: []
